
Microsoft Visual Studio Solution File, Format Version 12.00
# Visual Studio 15
VisualStudioVersion = 15.0.28307.645
MinimumVisualStudioVersion = 10.0.40219.1
Project("{FAE04EC0-301F-11D3-BF4B-00C04F79EFBC}") = "Bai13", "Bai13\Bai13.csproj", "{DC487631-2B88-4CB3-B76F-136A201EDAED}"
EndProject
Global
	GlobalSection(SolutionConfigurationPlatforms) = preSolution
		Debug|Any CPU = Debug|Any CPU
		Release|Any CPU = Release|Any CPU
	EndGlobalSection
	GlobalSection(ProjectConfigurationPlatforms) = postSolution
		{DC487631-2B88-4CB3-B76F-136A201EDAED}.Debug|Any CPU.ActiveCfg = Debug|Any CPU
		{DC487631-2B88-4CB3-B76F-136A201EDAED}.Debug|Any CPU.Build.0 = Debug|Any CPU
		{DC487631-2B88-4CB3-B76F-136A201EDAED}.Release|Any CPU.ActiveCfg = Release|Any CPU
		{DC487631-2B88-4CB3-B76F-136A201EDAED}.Release|Any CPU.Build.0 = Release|Any CPU
	EndGlobalSection
	GlobalSection(SolutionProperties) = preSolution
		HideSolutionNode = FALSE
	EndGlobalSection
	GlobalSection(ExtensibilityGlobals) = postSolution
		SolutionGuid = {12D20EA4-B30E-4941-939C-1BE5CC1C70AF}
	EndGlobalSection
EndGlobal
